
Microsoft Visual Studio Solution File, Format Version 12.00
# Visual Studio Version 16
VisualStudioVersion = 16.0.29418.71
MinimumVisualStudioVersion = 10.0.40219.1
Project("{FAE04EC0-301F-11D3-BF4B-00C04F79EFBC}") = "pfSenseBackup", "pfSenseBackup\pfSenseBackup.csproj", "{25EE292E-2305-43D3-B085-996C2E9AA9C5}"
EndProject
Project("{2150E333-8FDC-42A3-9474-1A3956D46DE8}") = "Releases", "Releases", "{E36EC09D-98CC-49D4-8B81-B05205F95306}"
	ProjectSection(SolutionItems) = preProject
		Releases\pfSenseBackupv1.0.zip = Releases\pfSenseBackupv1.0.zip
		Releases\pfSenseBackupv1.1.zip = Releases\pfSenseBackupv1.1.zip
		Releases\pfSenseBackupv1.2.zip = Releases\pfSenseBackupv1.2.zip
		Releases\pfSenseBackupv1.3.zip = Releases\pfSenseBackupv1.3.zip
		Releases\pfSenseBackupv1.4.zip = Releases\pfSenseBackupv1.4.zip
		Releases\pfSenseBackupv1.5.zip = Releases\pfSenseBackupv1.5.zip
		Releases\pfSenseBackupv1.6.zip = Releases\pfSenseBackupv1.6.zip
		Releases\pfSenseBackupv1.7.zip = Releases\pfSenseBackupv1.7.zip
		Releases\pfSenseBackupv1.8.zip = Releases\pfSenseBackupv1.8.zip
		Releases\pfSenseBackupv1.9.zip = Releases\pfSenseBackupv1.9.zip
		Releases\pfSenseBackupv2.0.zip = Releases\pfSenseBackupv2.0.zip
		Releases\pfSenseBackupv2.1.zip = Releases\pfSenseBackupv2.1.zip
		Releases\pfSenseBackupv2.2.zip = Releases\pfSenseBackupv2.2.zip
		Releases\pfSenseBackupv2.3.zip = Releases\pfSenseBackupv2.3.zip
		Releases\pfSenseBackupv2.4.1.zip = Releases\pfSenseBackupv2.4.1.zip
		Releases\pfSenseBackupv2.4.2.zip = Releases\pfSenseBackupv2.4.2.zip
		Releases\pfSenseBackupv2.4.3.zip = Releases\pfSenseBackupv2.4.3.zip
		Releases\pfSenseBackupv2.4.zip = Releases\pfSenseBackupv2.4.zip
	EndProjectSection
EndProject
Project("{2150E333-8FDC-42A3-9474-1A3956D46DE8}") = "Documentation", "Documentation", "{12C92BB7-7D1A-49F5-AD96-2101FEE61C8E}"
	ProjectSection(SolutionItems) = preProject
		README.md = README.md
		VersionHistory.md = VersionHistory.md
	EndProjectSection
EndProject
Project("{2150E333-8FDC-42A3-9474-1A3956D46DE8}") = "Images", "Images", "{5D858129-BB53-446B-B8B8-C83D383F7F1C}"
	ProjectSection(SolutionItems) = preProject
		Documentation\Images\Help.png = Documentation\Images\Help.png
		Documentation\Images\SampleExecution.png = Documentation\Images\SampleExecution.png
	EndProjectSection
EndProject
Global
	GlobalSection(SolutionConfigurationPlatforms) = preSolution
		Debug|x86 = Debug|x86
		Release|x86 = Release|x86
	EndGlobalSection
	GlobalSection(ProjectConfigurationPlatforms) = postSolution
		{25EE292E-2305-43D3-B085-996C2E9AA9C5}.Debug|x86.ActiveCfg = Debug|Any CPU
		{25EE292E-2305-43D3-B085-996C2E9AA9C5}.Debug|x86.Build.0 = Debug|Any CPU
		{25EE292E-2305-43D3-B085-996C2E9AA9C5}.Release|x86.ActiveCfg = Release|Any CPU
		{25EE292E-2305-43D3-B085-996C2E9AA9C5}.Release|x86.Build.0 = Release|Any CPU
	EndGlobalSection
	GlobalSection(SolutionProperties) = preSolution
		HideSolutionNode = FALSE
	EndGlobalSection
	GlobalSection(NestedProjects) = preSolution
		{5D858129-BB53-446B-B8B8-C83D383F7F1C} = {12C92BB7-7D1A-49F5-AD96-2101FEE61C8E}
	EndGlobalSection
	GlobalSection(ExtensibilityGlobals) = postSolution
		SolutionGuid = {6D2381C9-CAF1-4C6A-8525-761A74ABC6D5}
	EndGlobalSection
EndGlobal
